
Microsoft Visual Studio Solution File, Format Version 12.00
# Visual Studio 15
VisualStudioVersion = 15.0.26730.12
MinimumVisualStudioVersion = 10.0.40219.1
Project("{FAE04EC0-301F-11D3-BF4B-00C04F79EFBC}") = "orderprocessing", "orderprocessing\orderprocessing.csproj", "{352B31D7-2467-48FF-BF77-E38FA4D1DFDC}"
EndProject
Global
	GlobalSection(SolutionConfigurationPlatforms) = preSolution
		Debug|Any CPU = Debug|Any CPU
		Release|Any CPU = Release|Any CPU
	EndGlobalSection
	GlobalSection(ProjectConfigurationPlatforms) = postSolution
		{352B31D7-2467-48FF-BF77-E38FA4D1DFDC}.Debug|Any CPU.ActiveCfg = Debug|Any CPU
		{352B31D7-2467-48FF-BF77-E38FA4D1DFDC}.Debug|Any CPU.Build.0 = Debug|Any CPU
		{352B31D7-2467-48FF-BF77-E38FA4D1DFDC}.Release|Any CPU.ActiveCfg = Release|Any CPU
		{352B31D7-2467-48FF-BF77-E38FA4D1DFDC}.Release|Any CPU.Build.0 = Release|Any CPU
	EndGlobalSection
	GlobalSection(SolutionProperties) = preSolution
		HideSolutionNode = FALSE
	EndGlobalSection
	GlobalSection(ExtensibilityGlobals) = postSolution
		SolutionGuid = {88D48254-97B1-43F0-B3C5-A907D42C1A85}
	EndGlobalSection
EndGlobal
